
Microsoft Visual Studio Solution File, Format Version 12.00
# Visual Studio Version 17
VisualStudioVersion = 17.14.36310.24 d17.14
MinimumVisualStudioVersion = 10.0.40219.1
Project("{FAE04EC0-301F-11D3-BF4B-00C04F79EFBC}") = "Demo MathLibrary_Testing using Nunit", "Demo MathLibrary_Testing using Nunit.csproj", "{FCCCB681-69EA-4000-A467-022CF3F7A009}"
EndProject
Project("{FAE04EC0-301F-11D3-BF4B-00C04F79EFBC}") = "MathLibrary.Tests", "..\MathLibrary.Tests\MathLibrary.Tests.csproj", "{B17802C7-37B6-4B4F-B929-2D567A440D93}"
EndProject
Global
	GlobalSection(SolutionConfigurationPlatforms) = preSolution
		Debug|Any CPU = Debug|Any CPU
		Release|Any CPU = Release|Any CPU
	EndGlobalSection
	GlobalSection(ProjectConfigurationPlatforms) = postSolution
		{FCCCB681-69EA-4000-A467-022CF3F7A009}.Debug|Any CPU.ActiveCfg = Debug|Any CPU
		{FCCCB681-69EA-4000-A467-022CF3F7A009}.Debug|Any CPU.Build.0 = Debug|Any CPU
		{FCCCB681-69EA-4000-A467-022CF3F7A009}.Release|Any CPU.ActiveCfg = Release|Any CPU
		{FCCCB681-69EA-4000-A467-022CF3F7A009}.Release|Any CPU.Build.0 = Release|Any CPU
		{B17802C7-37B6-4B4F-B929-2D567A440D93}.Debug|Any CPU.ActiveCfg = Debug|Any CPU
		{B17802C7-37B6-4B4F-B929-2D567A440D93}.Debug|Any CPU.Build.0 = Debug|Any CPU
		{B17802C7-37B6-4B4F-B929-2D567A440D93}.Release|Any CPU.ActiveCfg = Release|Any CPU
		{B17802C7-37B6-4B4F-B929-2D567A440D93}.Release|Any CPU.Build.0 = Release|Any CPU
	EndGlobalSection
	GlobalSection(SolutionProperties) = preSolution
		HideSolutionNode = FALSE
	EndGlobalSection
	GlobalSection(ExtensibilityGlobals) = postSolution
		SolutionGuid = {E594D64E-FDA5-40B9-ADAC-A1A0F6D16536}
	EndGlobalSection
EndGlobal
