
Microsoft Visual Studio Solution File, Format Version 12.00
# Visual Studio Version 17
VisualStudioVersion = 17.14.36327.8
MinimumVisualStudioVersion = 10.0.40219.1
Project("{FAE04EC0-301F-11D3-BF4B-00C04F79EFBC}") = "CoreRazorApp", "CoreRazorApp.csproj", "{2A23F6D6-E12F-4190-B5FE-64AE1D8EBEC7}"
EndProject
Project("{FAE04EC0-301F-11D3-BF4B-00C04F79EFBC}") = "CommonUtils", "..\CommonUtils\CommonUtils.csproj", "{9B0E7FFD-9856-44C4-AC66-ADB9412FE437}"
EndProject
Project("{FAE04EC0-301F-11D3-BF4B-00C04F79EFBC}") = "MVCExample", "..\MVCExample\MVCExample.csproj", "{0C268F03-B804-4B17-A4A4-6FDD76734800}"
EndProject
Project("{FAE04EC0-301F-11D3-BF4B-00C04F79EFBC}") = "ConsoleApp1", "..\ConsoleApp1\ConsoleApp1.csproj", "{FA4BBFA1-0D8D-4C7E-BF2F-2E0BFE0CE266}"
EndProject
Global
	GlobalSection(SolutionConfigurationPlatforms) = preSolution
		Debug|Any CPU = Debug|Any CPU
		Release|Any CPU = Release|Any CPU
	EndGlobalSection
	GlobalSection(ProjectConfigurationPlatforms) = postSolution
		{2A23F6D6-E12F-4190-B5FE-64AE1D8EBEC7}.Debug|Any CPU.ActiveCfg = Debug|Any CPU
		{2A23F6D6-E12F-4190-B5FE-64AE1D8EBEC7}.Debug|Any CPU.Build.0 = Debug|Any CPU
		{2A23F6D6-E12F-4190-B5FE-64AE1D8EBEC7}.Release|Any CPU.ActiveCfg = Release|Any CPU
		{2A23F6D6-E12F-4190-B5FE-64AE1D8EBEC7}.Release|Any CPU.Build.0 = Release|Any CPU
		{9B0E7FFD-9856-44C4-AC66-ADB9412FE437}.Debug|Any CPU.ActiveCfg = Debug|Any CPU
		{9B0E7FFD-9856-44C4-AC66-ADB9412FE437}.Debug|Any CPU.Build.0 = Debug|Any CPU
		{9B0E7FFD-9856-44C4-AC66-ADB9412FE437}.Release|Any CPU.ActiveCfg = Release|Any CPU
		{9B0E7FFD-9856-44C4-AC66-ADB9412FE437}.Release|Any CPU.Build.0 = Release|Any CPU
		{0C268F03-B804-4B17-A4A4-6FDD76734800}.Debug|Any CPU.ActiveCfg = Debug|Any CPU
		{0C268F03-B804-4B17-A4A4-6FDD76734800}.Debug|Any CPU.Build.0 = Debug|Any CPU
		{0C268F03-B804-4B17-A4A4-6FDD76734800}.Release|Any CPU.ActiveCfg = Release|Any CPU
		{0C268F03-B804-4B17-A4A4-6FDD76734800}.Release|Any CPU.Build.0 = Release|Any CPU
		{FA4BBFA1-0D8D-4C7E-BF2F-2E0BFE0CE266}.Debug|Any CPU.ActiveCfg = Debug|Any CPU
		{FA4BBFA1-0D8D-4C7E-BF2F-2E0BFE0CE266}.Debug|Any CPU.Build.0 = Debug|Any CPU
		{FA4BBFA1-0D8D-4C7E-BF2F-2E0BFE0CE266}.Release|Any CPU.ActiveCfg = Release|Any CPU
		{FA4BBFA1-0D8D-4C7E-BF2F-2E0BFE0CE266}.Release|Any CPU.Build.0 = Release|Any CPU
	EndGlobalSection
	GlobalSection(SolutionProperties) = preSolution
		HideSolutionNode = FALSE
	EndGlobalSection
	GlobalSection(ExtensibilityGlobals) = postSolution
		SolutionGuid = {45524A0A-9139-4712-B4DE-3D38BC553FC8}
	EndGlobalSection
EndGlobal
